
Microsoft Visual Studio Solution File, Format Version 12.00
# Visual Studio Version 17
VisualStudioVersion = 17.4.33122.133
MinimumVisualStudioVersion = 10.0.40219.1
Project("{9A19103F-16F7-4668-BE54-9A1E7A4F7556}") = "ProstePrototype", "ProstePrototype\ProstePrototype.csproj", "{717BC19D-2A4D-45E8-87BA-1111BFF07FF6}"
EndProject
Project("{9A19103F-16F7-4668-BE54-9A1E7A4F7556}") = "ljson", "ljson\ljson.csproj", "{257C102F-36AA-4422-BE91-8006AC909074}"
EndProject
Project("{9A19103F-16F7-4668-BE54-9A1E7A4F7556}") = "jtest", "jtest\jtest.csproj", "{F7AA277A-B890-4AB1-BFDD-6B97C408FA84}"
EndProject
Project("{9A19103F-16F7-4668-BE54-9A1E7A4F7556}") = "lcommunicate", "lcommunicate\lcommunicate.csproj", "{D0B8D212-5E23-4B83-A87F-F33EFB28D020}"
EndProject
Project("{9A19103F-16F7-4668-BE54-9A1E7A4F7556}") = "common", "common\common.csproj", "{29BE0FE3-D4F2-49F4-A108-0E53EE9F428E}"
EndProject
Project("{9A19103F-16F7-4668-BE54-9A1E7A4F7556}") = "lupd", "lupd\lupd.csproj", "{BEF85202-EC49-406D-BB26-A692E7A6EAC3}"
EndProject
Project("{9A19103F-16F7-4668-BE54-9A1E7A4F7556}") = "updprep", "updprep\updprep.csproj", "{85E04D02-5D1B-42B4-9D56-DAE60DEA7EEB}"
EndProject
Project("{9A19103F-16F7-4668-BE54-9A1E7A4F7556}") = "upd", "upd\upd.csproj", "{62E0E5DB-49E3-46BF-A7D6-A9AE63003AC4}"
EndProject
Project("{9A19103F-16F7-4668-BE54-9A1E7A4F7556}") = "kill_run", "kill_run\kill_run.csproj", "{DCF01CCD-FB4B-4111-A67B-5173770DAB3C}"
EndProject
Global
	GlobalSection(SolutionConfigurationPlatforms) = preSolution
		Debug|Any CPU = Debug|Any CPU
		Release|Any CPU = Release|Any CPU
	EndGlobalSection
	GlobalSection(ProjectConfigurationPlatforms) = postSolution
		{717BC19D-2A4D-45E8-87BA-1111BFF07FF6}.Debug|Any CPU.ActiveCfg = Debug|Any CPU
		{717BC19D-2A4D-45E8-87BA-1111BFF07FF6}.Debug|Any CPU.Build.0 = Debug|Any CPU
		{717BC19D-2A4D-45E8-87BA-1111BFF07FF6}.Release|Any CPU.ActiveCfg = Release|Any CPU
		{717BC19D-2A4D-45E8-87BA-1111BFF07FF6}.Release|Any CPU.Build.0 = Release|Any CPU
		{257C102F-36AA-4422-BE91-8006AC909074}.Debug|Any CPU.ActiveCfg = Debug|Any CPU
		{257C102F-36AA-4422-BE91-8006AC909074}.Debug|Any CPU.Build.0 = Debug|Any CPU
		{257C102F-36AA-4422-BE91-8006AC909074}.Release|Any CPU.ActiveCfg = Release|Any CPU
		{257C102F-36AA-4422-BE91-8006AC909074}.Release|Any CPU.Build.0 = Release|Any CPU
		{F7AA277A-B890-4AB1-BFDD-6B97C408FA84}.Debug|Any CPU.ActiveCfg = Debug|Any CPU
		{F7AA277A-B890-4AB1-BFDD-6B97C408FA84}.Debug|Any CPU.Build.0 = Debug|Any CPU
		{F7AA277A-B890-4AB1-BFDD-6B97C408FA84}.Release|Any CPU.ActiveCfg = Release|Any CPU
		{F7AA277A-B890-4AB1-BFDD-6B97C408FA84}.Release|Any CPU.Build.0 = Release|Any CPU
		{D0B8D212-5E23-4B83-A87F-F33EFB28D020}.Debug|Any CPU.ActiveCfg = Debug|Any CPU
		{D0B8D212-5E23-4B83-A87F-F33EFB28D020}.Debug|Any CPU.Build.0 = Debug|Any CPU
		{D0B8D212-5E23-4B83-A87F-F33EFB28D020}.Release|Any CPU.ActiveCfg = Release|Any CPU
		{D0B8D212-5E23-4B83-A87F-F33EFB28D020}.Release|Any CPU.Build.0 = Release|Any CPU
		{29BE0FE3-D4F2-49F4-A108-0E53EE9F428E}.Debug|Any CPU.ActiveCfg = Debug|Any CPU
		{29BE0FE3-D4F2-49F4-A108-0E53EE9F428E}.Debug|Any CPU.Build.0 = Debug|Any CPU
		{29BE0FE3-D4F2-49F4-A108-0E53EE9F428E}.Release|Any CPU.ActiveCfg = Release|Any CPU
		{29BE0FE3-D4F2-49F4-A108-0E53EE9F428E}.Release|Any CPU.Build.0 = Release|Any CPU
		{BEF85202-EC49-406D-BB26-A692E7A6EAC3}.Debug|Any CPU.ActiveCfg = Debug|Any CPU
		{BEF85202-EC49-406D-BB26-A692E7A6EAC3}.Debug|Any CPU.Build.0 = Debug|Any CPU
		{BEF85202-EC49-406D-BB26-A692E7A6EAC3}.Release|Any CPU.ActiveCfg = Release|Any CPU
		{BEF85202-EC49-406D-BB26-A692E7A6EAC3}.Release|Any CPU.Build.0 = Release|Any CPU
		{85E04D02-5D1B-42B4-9D56-DAE60DEA7EEB}.Debug|Any CPU.ActiveCfg = Debug|Any CPU
		{85E04D02-5D1B-42B4-9D56-DAE60DEA7EEB}.Debug|Any CPU.Build.0 = Debug|Any CPU
		{85E04D02-5D1B-42B4-9D56-DAE60DEA7EEB}.Release|Any CPU.ActiveCfg = Release|Any CPU
		{85E04D02-5D1B-42B4-9D56-DAE60DEA7EEB}.Release|Any CPU.Build.0 = Release|Any CPU
		{62E0E5DB-49E3-46BF-A7D6-A9AE63003AC4}.Debug|Any CPU.ActiveCfg = Debug|Any CPU
		{62E0E5DB-49E3-46BF-A7D6-A9AE63003AC4}.Debug|Any CPU.Build.0 = Debug|Any CPU
		{62E0E5DB-49E3-46BF-A7D6-A9AE63003AC4}.Release|Any CPU.ActiveCfg = Release|Any CPU
		{62E0E5DB-49E3-46BF-A7D6-A9AE63003AC4}.Release|Any CPU.Build.0 = Release|Any CPU
		{DCF01CCD-FB4B-4111-A67B-5173770DAB3C}.Debug|Any CPU.ActiveCfg = Debug|Any CPU
		{DCF01CCD-FB4B-4111-A67B-5173770DAB3C}.Debug|Any CPU.Build.0 = Debug|Any CPU
		{DCF01CCD-FB4B-4111-A67B-5173770DAB3C}.Release|Any CPU.ActiveCfg = Release|Any CPU
		{DCF01CCD-FB4B-4111-A67B-5173770DAB3C}.Release|Any CPU.Build.0 = Release|Any CPU
	EndGlobalSection
	GlobalSection(SolutionProperties) = preSolution
		HideSolutionNode = FALSE
	EndGlobalSection
	GlobalSection(ExtensibilityGlobals) = postSolution
		SolutionGuid = {3BC6DC53-4778-4334-8F6E-488553DB232A}
	EndGlobalSection
EndGlobal
