
Microsoft Visual Studio Solution File, Format Version 12.00
# Visual Studio Version 17
VisualStudioVersion = 17.4.33122.133
MinimumVisualStudioVersion = 10.0.40219.1
Project("{9A19103F-16F7-4668-BE54-9A1E7A4F7556}") = "ProstePrototype", "ProstePrototype\ProstePrototype.csproj", "{717BC19D-2A4D-45E8-87BA-1111BFF07FF6}"
EndProject
Project("{FAE04EC0-301F-11D3-BF4B-00C04F79EFBC}") = "ljson", "ljson\ljson.csproj", "{257C102F-36AA-4422-BE91-8006AC909074}"
EndProject
Project("{FAE04EC0-301F-11D3-BF4B-00C04F79EFBC}") = "jtest", "jtest\jtest.csproj", "{F7AA277A-B890-4AB1-BFDD-6B97C408FA84}"
EndProject
Global
	GlobalSection(SolutionConfigurationPlatforms) = preSolution
		Debug|Any CPU = Debug|Any CPU
		Release|Any CPU = Release|Any CPU
	EndGlobalSection
	GlobalSection(ProjectConfigurationPlatforms) = postSolution
		{717BC19D-2A4D-45E8-87BA-1111BFF07FF6}.Debug|Any CPU.ActiveCfg = Debug|Any CPU
		{717BC19D-2A4D-45E8-87BA-1111BFF07FF6}.Debug|Any CPU.Build.0 = Debug|Any CPU
		{717BC19D-2A4D-45E8-87BA-1111BFF07FF6}.Release|Any CPU.ActiveCfg = Release|Any CPU
		{717BC19D-2A4D-45E8-87BA-1111BFF07FF6}.Release|Any CPU.Build.0 = Release|Any CPU
		{257C102F-36AA-4422-BE91-8006AC909074}.Debug|Any CPU.ActiveCfg = Debug|Any CPU
		{257C102F-36AA-4422-BE91-8006AC909074}.Debug|Any CPU.Build.0 = Debug|Any CPU
		{257C102F-36AA-4422-BE91-8006AC909074}.Release|Any CPU.ActiveCfg = Release|Any CPU
		{257C102F-36AA-4422-BE91-8006AC909074}.Release|Any CPU.Build.0 = Release|Any CPU
		{F7AA277A-B890-4AB1-BFDD-6B97C408FA84}.Debug|Any CPU.ActiveCfg = Debug|Any CPU
		{F7AA277A-B890-4AB1-BFDD-6B97C408FA84}.Debug|Any CPU.Build.0 = Debug|Any CPU
		{F7AA277A-B890-4AB1-BFDD-6B97C408FA84}.Release|Any CPU.ActiveCfg = Release|Any CPU
		{F7AA277A-B890-4AB1-BFDD-6B97C408FA84}.Release|Any CPU.Build.0 = Release|Any CPU
	EndGlobalSection
	GlobalSection(SolutionProperties) = preSolution
		HideSolutionNode = FALSE
	EndGlobalSection
	GlobalSection(ExtensibilityGlobals) = postSolution
		SolutionGuid = {3BC6DC53-4778-4334-8F6E-488553DB232A}
	EndGlobalSection
EndGlobal
